#include <iostream>

using namespace std;

void convexHull(int X[],int N)
{
    int p = 0;
    for(int i = 0; i<N ; i++)
    {
        if(X[i] < X[p])
             p = i;
    }
  int start = p;
do
{
    int n = -1;
    for(int i = 0; i < N ; i++) {

        if(i == N)
            continue;
        if(n == -1)
            n = i;
        int cross = (X[i] - X[p])*(X[n] - X[p]);

        if(cross < 0)
            n = i ;
    }
    p = n;
}
while(p != start);
}

int main()
{
    cout << "Hello world!" << endl;
    return 0;
}
